
Microsoft Visual Studio Solution File, Format Version 12.00
# Visual Studio Version 17
VisualStudioVersion = 17.9.34902.65
MinimumVisualStudioVersion = 10.0.40219.1
Project("{9A19103F-16F7-4668-BE54-9A1E7A4F7556}") = "PortfolioBackend", "PortfolioBackend\PortfolioBackend.csproj", "{5558D1E1-9BFC-43C7-86FA-D7596296AE25}"
EndProject
Global
	GlobalSection(SolutionConfigurationPlatforms) = preSolution
		Debug|Any CPU = Debug|Any CPU
		Release|Any CPU = Release|Any CPU
	EndGlobalSection
	GlobalSection(ProjectConfigurationPlatforms) = postSolution
		{5558D1E1-9BFC-43C7-86FA-D7596296AE25}.Debug|Any CPU.ActiveCfg = Debug|Any CPU
		{5558D1E1-9BFC-43C7-86FA-D7596296AE25}.Debug|Any CPU.Build.0 = Debug|Any CPU
		{5558D1E1-9BFC-43C7-86FA-D7596296AE25}.Release|Any CPU.ActiveCfg = Release|Any CPU
		{5558D1E1-9BFC-43C7-86FA-D7596296AE25}.Release|Any CPU.Build.0 = Release|Any CPU
	EndGlobalSection
	GlobalSection(SolutionProperties) = preSolution
		HideSolutionNode = FALSE
	EndGlobalSection
	GlobalSection(ExtensibilityGlobals) = postSolution
		SolutionGuid = {08CF5BB5-0A5A-476A-9AC8-8F5A4067A38F}
	EndGlobalSection
EndGlobal
